github.com/Goscord/goscord v0.0.0-20210318131749-3fa1c5c360c1 h1:BiVd753lu/VjevAMmsq63Zr6wmSPrut3Epl2miW40rE=
github.com/Goscord/goscord v0.0.0-20210318131749-3fa1c5c360c1/go.mod h1:bi0maJ+c7quu3k/M4N9RVQNH0zrD1iDSW6wPxkrsGr0=
github.com/asaskevich/EventBus v0.0.0-20200907212545-49d423059eef h1:2JGTg6JapxP9/R33ZaagQtAM4EkkSYnIAlOG5EI8gkM=
github.com/asaskevich/EventBus v0.0.0-20200907212545-49d423059eef/go.mod h1:JS7hed4L1fj0hXcyEejnW57/7LCetXggd+vwrRnYeII=
github.com/elastic/go-elasticsearch/v7 v7.12.0 h1:j4tvcMrZJLp39L2NYvBb7f+lHKPqPHSL3nvB8+/DV+s=
github.com/elastic/go-elasticsearch/v7 v7.12.0/go.mod h1:OJ4wdbtDNk5g503kvlHLyErCgQwwzmDtaFC4XyOxXA4=
github.com/gorilla/websocket v1.4.2 h1:+/TMaTYc4QFitKJxsQ7Yye35DkWvkdLcvGKqM+x0Ufc=
github.com/gorilla/websocket v1.4.2/go.mod h1:YR8l580nyteQvAITg2hZ9XVh4b55+EU/adAjf1fMHhE=
